
Microsoft Visual Studio Solution File, Format Version 12.00
# Visual Studio Version 17
VisualStudioVersion = 17.13.35919.96 d17.13
MinimumVisualStudioVersion = 10.0.40219.1
Project("{FAE04EC0-301F-11D3-BF4B-00C04F79EFBC}") = "webapp", "webapp\webapp.csproj", "{41CC4B93-9761-41C9-8DC3-50127EE7CF19}"
EndProject
Global
	GlobalSection(SolutionConfigurationPlatforms) = preSolution
		Debug|Any CPU = Debug|Any CPU
		Release|Any CPU = Release|Any CPU
	EndGlobalSection
	GlobalSection(ProjectConfigurationPlatforms) = postSolution
		{41CC4B93-9761-41C9-8DC3-50127EE7CF19}.Debug|Any CPU.ActiveCfg = Debug|Any CPU
		{41CC4B93-9761-41C9-8DC3-50127EE7CF19}.Debug|Any CPU.Build.0 = Debug|Any CPU
		{41CC4B93-9761-41C9-8DC3-50127EE7CF19}.Release|Any CPU.ActiveCfg = Release|Any CPU
		{41CC4B93-9761-41C9-8DC3-50127EE7CF19}.Release|Any CPU.Build.0 = Release|Any CPU
	EndGlobalSection
	GlobalSection(SolutionProperties) = preSolution
		HideSolutionNode = FALSE
	EndGlobalSection
	GlobalSection(ExtensibilityGlobals) = postSolution
		SolutionGuid = {B03361DD-B96B-430C-9582-5A3703463B05}
	EndGlobalSection
EndGlobal
